
Microsoft Visual Studio Solution File, Format Version 12.00
# Visual Studio Version 16
VisualStudioVersion = 16.0.31025.194
MinimumVisualStudioVersion = 10.0.40219.1
Project("{FAE04EC0-301F-11D3-BF4B-00C04F79EFBC}") = "DevTeams.Data", "DevTeams.Data\DevTeams.Data.csproj", "{4C668DBA-446C-488D-B9E7-309821744B61}"
EndProject
Project("{FAE04EC0-301F-11D3-BF4B-00C04F79EFBC}") = "DevTeamsRepository", "DevTeamsRepository\DevTeamsRepository.csproj", "{5CC2FAE8-7347-4FC3-A6D0-8373A4F23290}"
EndProject
Project("{FAE04EC0-301F-11D3-BF4B-00C04F79EFBC}") = "DevTeams_UI", "DevTeams_UI\DevTeams_UI.csproj", "{4F0F510C-0B39-4163-AA36-2C72853CB737}"
EndProject
Global
	GlobalSection(SolutionConfigurationPlatforms) = preSolution
		Debug|Any CPU = Debug|Any CPU
		Release|Any CPU = Release|Any CPU
	EndGlobalSection
	GlobalSection(ProjectConfigurationPlatforms) = postSolution
		{4C668DBA-446C-488D-B9E7-309821744B61}.Debug|Any CPU.ActiveCfg = Debug|Any CPU
		{4C668DBA-446C-488D-B9E7-309821744B61}.Debug|Any CPU.Build.0 = Debug|Any CPU
		{4C668DBA-446C-488D-B9E7-309821744B61}.Release|Any CPU.ActiveCfg = Release|Any CPU
		{4C668DBA-446C-488D-B9E7-309821744B61}.Release|Any CPU.Build.0 = Release|Any CPU
		{5CC2FAE8-7347-4FC3-A6D0-8373A4F23290}.Debug|Any CPU.ActiveCfg = Debug|Any CPU
		{5CC2FAE8-7347-4FC3-A6D0-8373A4F23290}.Debug|Any CPU.Build.0 = Debug|Any CPU
		{5CC2FAE8-7347-4FC3-A6D0-8373A4F23290}.Release|Any CPU.ActiveCfg = Release|Any CPU
		{5CC2FAE8-7347-4FC3-A6D0-8373A4F23290}.Release|Any CPU.Build.0 = Release|Any CPU
		{4F0F510C-0B39-4163-AA36-2C72853CB737}.Debug|Any CPU.ActiveCfg = Debug|Any CPU
		{4F0F510C-0B39-4163-AA36-2C72853CB737}.Debug|Any CPU.Build.0 = Debug|Any CPU
		{4F0F510C-0B39-4163-AA36-2C72853CB737}.Release|Any CPU.ActiveCfg = Release|Any CPU
		{4F0F510C-0B39-4163-AA36-2C72853CB737}.Release|Any CPU.Build.0 = Release|Any CPU
	EndGlobalSection
	GlobalSection(SolutionProperties) = preSolution
		HideSolutionNode = FALSE
	EndGlobalSection
	GlobalSection(ExtensibilityGlobals) = postSolution
		SolutionGuid = {3F95E135-0838-4D3E-A1EA-AD0E72DF82F6}
	EndGlobalSection
EndGlobal
