
Microsoft Visual Studio Solution File, Format Version 12.00
# Visual Studio Version 16
VisualStudioVersion = 16.0.31019.35
MinimumVisualStudioVersion = 10.0.40219.1
Project("{FAE04EC0-301F-11D3-BF4B-00C04F79EFBC}") = "ReferenceTypes", "ReferenceTypes\ReferenceTypes.csproj", "{B97BBD55-C60D-4F9C-ACAF-EA0FB363D943}"
EndProject
Project("{FAE04EC0-301F-11D3-BF4B-00C04F79EFBC}") = "ValueTypes", "ValueTypes\ValueTypes.csproj", "{EE2549F5-B727-47FC-BDE8-102715DE9F05}"
EndProject
Project("{FAE04EC0-301F-11D3-BF4B-00C04F79EFBC}") = "Arithmetic", "Arithmetic\Arithmetic.csproj", "{A4039DA4-8F38-403E-B515-107997BD46C8}"
EndProject
Project("{FAE04EC0-301F-11D3-BF4B-00C04F79EFBC}") = "Comparison", "Comparison\Comparison.csproj", "{31AC2CE6-BBFF-472B-B018-D9BF05E793B6}"
EndProject
Project("{FAE04EC0-301F-11D3-BF4B-00C04F79EFBC}") = "Conditionals", "Conditionals\Conditionals.csproj", "{34380865-FD94-4CC7-9DD0-D403FECAED71}"
EndProject
Project("{FAE04EC0-301F-11D3-BF4B-00C04F79EFBC}") = "LoopExamples", "LoopExamples\LoopExamples.csproj", "{E98EB6CF-FEC9-41AF-B80D-1D24DB56A624}"
EndProject
Project("{FAE04EC0-301F-11D3-BF4B-00C04F79EFBC}") = "MorningChallengeConditionsAndLoops", "MorningChallengeConditionsAndLoops\MorningChallengeConditionsAndLoops.csproj", "{B1D5B48A-D995-4E36-889A-C780133EED54}"
EndProject
Global
	GlobalSection(SolutionConfigurationPlatforms) = preSolution
		Debug|Any CPU = Debug|Any CPU
		Release|Any CPU = Release|Any CPU
	EndGlobalSection
	GlobalSection(ProjectConfigurationPlatforms) = postSolution
		{B97BBD55-C60D-4F9C-ACAF-EA0FB363D943}.Debug|Any CPU.ActiveCfg = Debug|Any CPU
		{B97BBD55-C60D-4F9C-ACAF-EA0FB363D943}.Debug|Any CPU.Build.0 = Debug|Any CPU
		{B97BBD55-C60D-4F9C-ACAF-EA0FB363D943}.Release|Any CPU.ActiveCfg = Release|Any CPU
		{B97BBD55-C60D-4F9C-ACAF-EA0FB363D943}.Release|Any CPU.Build.0 = Release|Any CPU
		{EE2549F5-B727-47FC-BDE8-102715DE9F05}.Debug|Any CPU.ActiveCfg = Debug|Any CPU
		{EE2549F5-B727-47FC-BDE8-102715DE9F05}.Debug|Any CPU.Build.0 = Debug|Any CPU
		{EE2549F5-B727-47FC-BDE8-102715DE9F05}.Release|Any CPU.ActiveCfg = Release|Any CPU
		{EE2549F5-B727-47FC-BDE8-102715DE9F05}.Release|Any CPU.Build.0 = Release|Any CPU
		{A4039DA4-8F38-403E-B515-107997BD46C8}.Debug|Any CPU.ActiveCfg = Debug|Any CPU
		{A4039DA4-8F38-403E-B515-107997BD46C8}.Debug|Any CPU.Build.0 = Debug|Any CPU
		{A4039DA4-8F38-403E-B515-107997BD46C8}.Release|Any CPU.ActiveCfg = Release|Any CPU
		{A4039DA4-8F38-403E-B515-107997BD46C8}.Release|Any CPU.Build.0 = Release|Any CPU
		{31AC2CE6-BBFF-472B-B018-D9BF05E793B6}.Debug|Any CPU.ActiveCfg = Debug|Any CPU
		{31AC2CE6-BBFF-472B-B018-D9BF05E793B6}.Debug|Any CPU.Build.0 = Debug|Any CPU
		{31AC2CE6-BBFF-472B-B018-D9BF05E793B6}.Release|Any CPU.ActiveCfg = Release|Any CPU
		{31AC2CE6-BBFF-472B-B018-D9BF05E793B6}.Release|Any CPU.Build.0 = Release|Any CPU
		{34380865-FD94-4CC7-9DD0-D403FECAED71}.Debug|Any CPU.ActiveCfg = Debug|Any CPU
		{34380865-FD94-4CC7-9DD0-D403FECAED71}.Debug|Any CPU.Build.0 = Debug|Any CPU
		{34380865-FD94-4CC7-9DD0-D403FECAED71}.Release|Any CPU.ActiveCfg = Release|Any CPU
		{34380865-FD94-4CC7-9DD0-D403FECAED71}.Release|Any CPU.Build.0 = Release|Any CPU
		{E98EB6CF-FEC9-41AF-B80D-1D24DB56A624}.Debug|Any CPU.ActiveCfg = Debug|Any CPU
		{E98EB6CF-FEC9-41AF-B80D-1D24DB56A624}.Debug|Any CPU.Build.0 = Debug|Any CPU
		{E98EB6CF-FEC9-41AF-B80D-1D24DB56A624}.Release|Any CPU.ActiveCfg = Release|Any CPU
		{E98EB6CF-FEC9-41AF-B80D-1D24DB56A624}.Release|Any CPU.Build.0 = Release|Any CPU
		{B1D5B48A-D995-4E36-889A-C780133EED54}.Debug|Any CPU.ActiveCfg = Debug|Any CPU
		{B1D5B48A-D995-4E36-889A-C780133EED54}.Debug|Any CPU.Build.0 = Debug|Any CPU
		{B1D5B48A-D995-4E36-889A-C780133EED54}.Release|Any CPU.ActiveCfg = Release|Any CPU
		{B1D5B48A-D995-4E36-889A-C780133EED54}.Release|Any CPU.Build.0 = Release|Any CPU
	EndGlobalSection
	GlobalSection(SolutionProperties) = preSolution
		HideSolutionNode = FALSE
	EndGlobalSection
	GlobalSection(ExtensibilityGlobals) = postSolution
		SolutionGuid = {5497E47B-DAD9-4D84-AD46-CDAA9E427D86}
	EndGlobalSection
EndGlobal
